{
  "version": 4,
  "terraform_version": "1.11.4",
  "serial": 278,
  "lineage": "d9046f6c-a0eb-0e05-8bf4-04a9bdccc409",
  "outputs": {
    "folders_ids": {
      "value": {
        "development": "folders/935466500178",
        "network": "folders/770744893968",
        "secutiy": "folders/693738025606",
        "shared": "folders/110628608422"
      },
      "type": [
        "object",
        {
          "development": "string",
          "network": "string",
          "secutiy": "string",
          "shared": "string"
        }
      ]
    }
  },
  "resources": [
    {
      "module": "module.folders",
      "mode": "managed",
      "type": "google_folder",
      "name": "folders",
      "provider": "provider[\"registry.terraform.io/hashicorp/google\"]",
      "instances": [
        {
          "index_key": "development",
          "schema_version": 0,
          "attributes": {
            "configured_capabilities": [],
            "create_time": "2025-12-12T19:49:54.322Z",
            "deletion_protection": false,
            "display_name": "development",
            "folder_id": "935466500178",
            "id": "folders/935466500178",
            "lifecycle_state": "ACTIVE",
            "management_project": "",
            "name": "folders/935466500178",
            "parent": "organizations/789146923162",
            "tags": null,
            "timeouts": null
          },
          "sensitive_attributes": [],
          "private": "eyJlMmJmYjczMC1lY2FhLTExZTYtOGY4OC0zNDM2M2JjN2M0YzAiOnsiY3JlYXRlIjoyNDAwMDAwMDAwMDAsImRlbGV0ZSI6MjQwMDAwMDAwMDAwLCJyZWFkIjoyNDAwMDAwMDAwMDAsInVwZGF0ZSI6MjQwMDAwMDAwMDAwfX0="
        },
        {
          "index_key": "network",
          "schema_version": 0,
          "attributes": {
            "configured_capabilities": [],
            "create_time": "2025-12-12T19:56:02.732Z",
            "deletion_protection": false,
            "display_name": "network",
            "folder_id": "770744893968",
            "id": "folders/770744893968",
            "lifecycle_state": "ACTIVE",
            "management_project": "",
            "name": "folders/770744893968",
            "parent": "folders/110628608422",
            "tags": null,
            "timeouts": null
          },
          "sensitive_attributes": [],
          "private": "eyJlMmJmYjczMC1lY2FhLTExZTYtOGY4OC0zNDM2M2JjN2M0YzAiOnsiY3JlYXRlIjoyNDAwMDAwMDAwMDAsImRlbGV0ZSI6MjQwMDAwMDAwMDAwLCJyZWFkIjoyNDAwMDAwMDAwMDAsInVwZGF0ZSI6MjQwMDAwMDAwMDAwfX0="
        },
        {
          "index_key": "secutiy",
          "schema_version": 0,
          "attributes": {
            "configured_capabilities": [],
            "create_time": "2025-12-12T19:57:45.715Z",
            "deletion_protection": false,
            "display_name": "secutiy",
            "folder_id": "693738025606",
            "id": "folders/693738025606",
            "lifecycle_state": "ACTIVE",
            "management_project": "",
            "name": "folders/693738025606",
            "parent": "folders/110628608422",
            "tags": null,
            "timeouts": null
          },
          "sensitive_attributes": [],
          "private": "eyJlMmJmYjczMC1lY2FhLTExZTYtOGY4OC0zNDM2M2JjN2M0YzAiOnsiY3JlYXRlIjoyNDAwMDAwMDAwMDAsImRlbGV0ZSI6MjQwMDAwMDAwMDAwLCJyZWFkIjoyNDAwMDAwMDAwMDAsInVwZGF0ZSI6MjQwMDAwMDAwMDAwfX0="
        },
        {
          "index_key": "shared",
          "schema_version": 0,
          "attributes": {
            "configured_capabilities": [],
            "create_time": "2025-12-12T19:49:54.280Z",
            "deletion_protection": false,
            "display_name": "shared",
            "folder_id": "110628608422",
            "id": "folders/110628608422",
            "lifecycle_state": "ACTIVE",
            "management_project": "",
            "name": "folders/110628608422",
            "parent": "organizations/789146923162",
            "tags": null,
            "timeouts": null
          },
          "sensitive_attributes": [],
          "private": "eyJlMmJmYjczMC1lY2FhLTExZTYtOGY4OC0zNDM2M2JjN2M0YzAiOnsiY3JlYXRlIjoyNDAwMDAwMDAwMDAsImRlbGV0ZSI6MjQwMDAwMDAwMDAwLCJyZWFkIjoyNDAwMDAwMDAwMDAsInVwZGF0ZSI6MjQwMDAwMDAwMDAwfX0="
        }
      ]
    },
    {
      "module": "module.network",
      "mode": "managed",
      "type": "google_compute_firewall",
      "name": "default",
      "provider": "provider[\"registry.terraform.io/hashicorp/google\"]",
      "instances": [
        {
          "index_key": "fw1",
          "schema_version": 1,
          "attributes": {
            "allow": [
              {
                "ports": [
                  "80",
                  "8080",
                  "1000-2000"
                ],
                "protocol": "tcp"
              }
            ],
            "creation_timestamp": "2025-12-22T10:05:56.391-08:00",
            "deny": [],
            "description": "",
            "destination_ranges": [],
            "direction": "INGRESS",
            "disabled": false,
            "enable_logging": null,
            "id": "projects/lablos-development-network/global/firewalls/allow-internal",
            "log_config": [],
            "name": "allow-internal",
            "network": "https://www.googleapis.com/compute/v1/projects/lablos-development-network/global/networks/lablos-vpc-dev",
            "params": [],
            "priority": 1000,
            "project": "lablos-development-network",
            "self_link": "https://www.googleapis.com/compute/v1/projects/lablos-development-network/global/firewalls/allow-internal",
            "source_ranges": [
              "172.16.0.0/25"
            ],
            "source_service_accounts": [],
            "source_tags": [],
            "target_service_accounts": [],
            "target_tags": [
              "allow-internal"
            ],
            "timeouts": null
          },
          "sensitive_attributes": [],
          "private": "eyJlMmJmYjczMC1lY2FhLTExZTYtOGY4OC0zNDM2M2JjN2M0YzAiOnsiY3JlYXRlIjoxMjAwMDAwMDAwMDAwLCJkZWxldGUiOjEyMDAwMDAwMDAwMDAsInVwZGF0ZSI6MTIwMDAwMDAwMDAwMH0sInNjaGVtYV92ZXJzaW9uIjoiMSJ9"
        },
        {
          "index_key": "fw2",
          "schema_version": 1,
          "attributes": {
            "allow": [
              {
                "ports": [
                  "22"
                ],
                "protocol": "tcp"
              }
            ],
            "creation_timestamp": "2025-12-22T10:10:22.156-08:00",
            "deny": [],
            "description": "",
            "destination_ranges": [],
            "direction": "INGRESS",
            "disabled": false,
            "enable_logging": null,
            "id": "projects/lablos-development-network/global/firewalls/allow-ssh",
            "log_config": [],
            "name": "allow-ssh",
            "network": "https://www.googleapis.com/compute/v1/projects/lablos-development-network/global/networks/lablos-vpc-dev",
            "params": [],
            "priority": 1000,
            "project": "lablos-development-network",
            "self_link": "https://www.googleapis.com/compute/v1/projects/lablos-development-network/global/firewalls/allow-ssh",
            "source_ranges": [
              "172.16.0.0/25"
            ],
            "source_service_accounts": [],
            "source_tags": [],
            "target_service_accounts": [],
            "target_tags": [
              "allow-ssh"
            ],
            "timeouts": null
          },
          "sensitive_attributes": [],
          "private": "eyJlMmJmYjczMC1lY2FhLTExZTYtOGY4OC0zNDM2M2JjN2M0YzAiOnsiY3JlYXRlIjoxMjAwMDAwMDAwMDAwLCJkZWxldGUiOjEyMDAwMDAwMDAwMDAsInVwZGF0ZSI6MTIwMDAwMDAwMDAwMH0sInNjaGVtYV92ZXJzaW9uIjoiMSJ9"
        }
      ]
    },
    {
      "module": "module.network",
      "mode": "managed",
      "type": "google_compute_global_address",
      "name": "private_ip_alloc",
      "provider": "provider[\"registry.terraform.io/hashicorp/google\"]",
      "instances": [
        {
          "index_key": "lablos-vpc-dev",
          "schema_version": 0,
          "attributes": {
            "address": "10.100.0.0",
            "address_type": "INTERNAL",
            "creation_timestamp": "2025-12-18T10:45:35.057-08:00",
            "description": "",
            "effective_labels": {
              "goog-terraform-provisioned": "true"
            },
            "id": "projects/lablos-development-network/global/addresses/ip-psa-lablos-vpc-dev",
            "ip_version": "",
            "label_fingerprint": "vezUS-42LLM=",
            "labels": {},
            "name": "ip-psa-lablos-vpc-dev",
            "network": "https://www.googleapis.com/compute/v1/projects/lablos-development-network/global/networks/lablos-vpc-dev",
            "prefix_length": 24,
            "project": "lablos-development-network",
            "purpose": "VPC_PEERING",
            "self_link": "https://www.googleapis.com/compute/v1/projects/lablos-development-network/global/addresses/ip-psa-lablos-vpc-dev",
            "terraform_labels": {
              "goog-terraform-provisioned": "true"
            },
            "timeouts": null
          },
          "sensitive_attributes": [],
          "private": "eyJlMmJmYjczMC1lY2FhLTExZTYtOGY4OC0zNDM2M2JjN2M0YzAiOnsiY3JlYXRlIjoxMjAwMDAwMDAwMDAwLCJkZWxldGUiOjEyMDAwMDAwMDAwMDAsInVwZGF0ZSI6MTIwMDAwMDAwMDAwMH19"
        },
        {
          "index_key": "lablos-vpc-dev-2",
          "schema_version": 0,
          "attributes": {
            "address": "10.200.0.0",
            "address_type": "INTERNAL",
            "creation_timestamp": "2025-12-18T10:45:35.067-08:00",
            "description": "",
            "effective_labels": {
              "goog-terraform-provisioned": "true"
            },
            "id": "projects/lablos-development-network/global/addresses/ip-psa-lablos-vpc-dev-2",
            "ip_version": "",
            "label_fingerprint": "vezUS-42LLM=",
            "labels": {},
            "name": "ip-psa-lablos-vpc-dev-2",
            "network": "https://www.googleapis.com/compute/v1/projects/lablos-development-network/global/networks/lablos-vpc-dev",
            "prefix_length": 24,
            "project": "lablos-development-network",
            "purpose": "VPC_PEERING",
            "self_link": "https://www.googleapis.com/compute/v1/projects/lablos-development-network/global/addresses/ip-psa-lablos-vpc-dev-2",
            "terraform_labels": {
              "goog-terraform-provisioned": "true"
            },
            "timeouts": null
          },
          "sensitive_attributes": [],
          "private": "eyJlMmJmYjczMC1lY2FhLTExZTYtOGY4OC0zNDM2M2JjN2M0YzAiOnsiY3JlYXRlIjoxMjAwMDAwMDAwMDAwLCJkZWxldGUiOjEyMDAwMDAwMDAwMDAsInVwZGF0ZSI6MTIwMDAwMDAwMDAwMH19"
        }
      ]
    },
    {
      "module": "module.network",
      "mode": "managed",
      "type": "google_compute_network",
      "name": "vpc_network",
      "provider": "provider[\"registry.terraform.io/hashicorp/google\"]",
      "instances": [
        {
          "index_key": "lablos-vpc-dev",
          "schema_version": 0,
          "attributes": {
            "auto_create_subnetworks": false,
            "bgp_always_compare_med": false,
            "bgp_best_path_selection_mode": "LEGACY",
            "bgp_inter_region_cost": "",
            "delete_bgp_always_compare_med": false,
            "delete_default_routes_on_create": false,
            "description": "",
            "enable_ula_internal_ipv6": false,
            "gateway_ipv4": "",
            "id": "projects/lablos-development-network/global/networks/lablos-vpc-dev",
            "internal_ipv6_range": "",
            "mtu": 0,
            "name": "lablos-vpc-dev",
            "network_firewall_policy_enforcement_order": "AFTER_CLASSIC_FIREWALL",
            "network_id": "4572971461178970378",
            "network_profile": "",
            "numeric_id": "4572971461178970378",
            "params": [],
            "project": "lablos-development-network",
            "routing_mode": "GLOBAL",
            "self_link": "https://www.googleapis.com/compute/v1/projects/lablos-development-network/global/networks/lablos-vpc-dev",
            "timeouts": null
          },
          "sensitive_attributes": [],
          "private": "eyJlMmJmYjczMC1lY2FhLTExZTYtOGY4OC0zNDM2M2JjN2M0YzAiOnsiY3JlYXRlIjoxMjAwMDAwMDAwMDAwLCJkZWxldGUiOjEyMDAwMDAwMDAwMDAsInVwZGF0ZSI6MTIwMDAwMDAwMDAwMH19"
        },
        {
          "index_key": "lablos-vpc-dev-2",
          "schema_version": 0,
          "attributes": {
            "auto_create_subnetworks": false,
            "bgp_always_compare_med": false,
            "bgp_best_path_selection_mode": "LEGACY",
            "bgp_inter_region_cost": "",
            "delete_bgp_always_compare_med": false,
            "delete_default_routes_on_create": false,
            "description": "",
            "enable_ula_internal_ipv6": false,
            "gateway_ipv4": "",
            "id": "projects/lablos-development-network/global/networks/lablos-vpc-dev-2",
            "internal_ipv6_range": "",
            "mtu": 0,
            "name": "lablos-vpc-dev-2",
            "network_firewall_policy_enforcement_order": "AFTER_CLASSIC_FIREWALL",
            "network_id": "8936563289367925002",
            "network_profile": "",
            "numeric_id": "8936563289367925002",
            "params": [],
            "project": "lablos-development-network",
            "routing_mode": "GLOBAL",
            "self_link": "https://www.googleapis.com/compute/v1/projects/lablos-development-network/global/networks/lablos-vpc-dev-2",
            "timeouts": null
          },
          "sensitive_attributes": [],
          "private": "eyJlMmJmYjczMC1lY2FhLTExZTYtOGY4OC0zNDM2M2JjN2M0YzAiOnsiY3JlYXRlIjoxMjAwMDAwMDAwMDAwLCJkZWxldGUiOjEyMDAwMDAwMDAwMDAsInVwZGF0ZSI6MTIwMDAwMDAwMDAwMH19"
        }
      ]
    },
    {
      "module": "module.network",
      "mode": "managed",
      "type": "google_compute_network_peering_routes_config",
      "name": "peering_routes",
      "provider": "provider[\"registry.terraform.io/hashicorp/google\"]",
      "instances": [
        {
          "schema_version": 0,
          "attributes": {
            "export_custom_routes": true,
            "export_subnet_routes_with_public_ip": false,
            "id": "projects/lablos-development-network/global/networks/lablos-vpc-dev/networkPeerings/servicenetworking-googleapis-com",
            "import_custom_routes": true,
            "import_subnet_routes_with_public_ip": false,
            "network": "lablos-vpc-dev",
            "peering": "servicenetworking-googleapis-com",
            "project": "lablos-development-network",
            "timeouts": null
          },
          "sensitive_attributes": [],
          "private": "eyJlMmJmYjczMC1lY2FhLTExZTYtOGY4OC0zNDM2M2JjN2M0YzAiOnsiY3JlYXRlIjoxMjAwMDAwMDAwMDAwLCJkZWxldGUiOjEyMDAwMDAwMDAwMDAsInVwZGF0ZSI6MTIwMDAwMDAwMDAwMH19",
          "dependencies": [
            "module.network.google_compute_global_address.private_ip_alloc",
            "module.network.google_service_networking_connection.foobar"
          ]
        }
      ]
    },
    {
      "module": "module.network",
      "mode": "managed",
      "type": "google_compute_router",
      "name": "shared_router",
      "provider": "provider[\"registry.terraform.io/hashicorp/google\"]",
      "instances": [
        {
          "index_key": "nat-dev",
          "schema_version": 0,
          "attributes": {
            "bgp": [],
            "creation_timestamp": "2025-12-22T11:38:18.684-08:00",
            "description": "",
            "encrypted_interconnect_router": false,
            "id": "projects/lablos-development-network/regions/us-east1/routers/nat-dev",
            "md5_authentication_keys": [],
            "name": "nat-dev",
            "network": "https://www.googleapis.com/compute/v1/projects/lablos-development-network/global/networks/lablos-vpc-dev",
            "params": [],
            "project": "lablos-development-network",
            "region": "us-east1",
            "self_link": "https://www.googleapis.com/compute/v1/projects/lablos-development-network/regions/us-east1/routers/nat-dev",
            "timeouts": null
          },
          "sensitive_attributes": [],
          "private": "eyJlMmJmYjczMC1lY2FhLTExZTYtOGY4OC0zNDM2M2JjN2M0YzAiOnsiY3JlYXRlIjoxMjAwMDAwMDAwMDAwLCJkZWxldGUiOjEyMDAwMDAwMDAwMDAsInVwZGF0ZSI6MTIwMDAwMDAwMDAwMH19"
        },
        {
          "index_key": "nat-us-central1",
          "schema_version": 0,
          "attributes": {
            "bgp": [],
            "creation_timestamp": "2025-12-22T11:40:51.490-08:00",
            "description": "",
            "encrypted_interconnect_router": false,
            "id": "projects/lablos-development-network/regions/us-central1/routers/nat-us-central1",
            "md5_authentication_keys": [],
            "name": "nat-us-central1",
            "network": "https://www.googleapis.com/compute/v1/projects/lablos-development-network/global/networks/lablos-vpc-dev-2",
            "params": [],
            "project": "lablos-development-network",
            "region": "us-central1",
            "self_link": "https://www.googleapis.com/compute/v1/projects/lablos-development-network/regions/us-central1/routers/nat-us-central1",
            "timeouts": null
          },
          "sensitive_attributes": [],
          "private": "eyJlMmJmYjczMC1lY2FhLTExZTYtOGY4OC0zNDM2M2JjN2M0YzAiOnsiY3JlYXRlIjoxMjAwMDAwMDAwMDAwLCJkZWxldGUiOjEyMDAwMDAwMDAwMDAsInVwZGF0ZSI6MTIwMDAwMDAwMDAwMH19"
        }
      ]
    },
    {
      "module": "module.network",
      "mode": "managed",
      "type": "google_compute_router_nat",
      "name": "shared_nat_router",
      "provider": "provider[\"registry.terraform.io/hashicorp/google\"]",
      "instances": [
        {
          "index_key": "nat-dev",
          "schema_version": 0,
          "attributes": {
            "auto_network_tier": null,
            "drain_nat_ips": [],
            "enable_dynamic_port_allocation": false,
            "enable_endpoint_independent_mapping": false,
            "endpoint_types": [
              "ENDPOINT_TYPE_VM"
            ],
            "icmp_idle_timeout_sec": 30,
            "id": "lablos-development-network/us-east1/nat-dev/nat-dev",
            "initial_nat_ips": null,
            "log_config": [],
            "max_ports_per_vm": 0,
            "min_ports_per_vm": 0,
            "name": "nat-dev",
            "nat64_subnetwork": [],
            "nat_ip_allocate_option": "AUTO_ONLY",
            "nat_ips": [],
            "project": "lablos-development-network",
            "region": "us-east1",
            "router": "nat-dev",
            "rules": [],
            "source_subnetwork_ip_ranges_to_nat": "ALL_SUBNETWORKS_ALL_IP_RANGES",
            "source_subnetwork_ip_ranges_to_nat64": "",
            "subnetwork": [],
            "tcp_established_idle_timeout_sec": 1200,
            "tcp_time_wait_timeout_sec": 120,
            "tcp_transitory_idle_timeout_sec": 30,
            "timeouts": null,
            "type": "PUBLIC",
            "udp_idle_timeout_sec": 30
          },
          "sensitive_attributes": [],
          "private": "eyJlMmJmYjczMC1lY2FhLTExZTYtOGY4OC0zNDM2M2JjN2M0YzAiOnsiY3JlYXRlIjoxMjAwMDAwMDAwMDAwLCJkZWxldGUiOjEyMDAwMDAwMDAwMDAsInVwZGF0ZSI6MTIwMDAwMDAwMDAwMH19",
          "dependencies": [
            "module.network.google_compute_router.shared_router"
          ]
        },
        {
          "index_key": "nat-us-central1",
          "schema_version": 0,
          "attributes": {
            "auto_network_tier": null,
            "drain_nat_ips": [],
            "enable_dynamic_port_allocation": false,
            "enable_endpoint_independent_mapping": false,
            "endpoint_types": [
              "ENDPOINT_TYPE_VM"
            ],
            "icmp_idle_timeout_sec": 30,
            "id": "lablos-development-network/us-central1/nat-us-central1/nat-us-central1",
            "initial_nat_ips": null,
            "log_config": [],
            "max_ports_per_vm": 0,
            "min_ports_per_vm": 0,
            "name": "nat-us-central1",
            "nat64_subnetwork": [],
            "nat_ip_allocate_option": "AUTO_ONLY",
            "nat_ips": [],
            "project": "lablos-development-network",
            "region": "us-central1",
            "router": "nat-us-central1",
            "rules": [],
            "source_subnetwork_ip_ranges_to_nat": "ALL_SUBNETWORKS_ALL_IP_RANGES",
            "source_subnetwork_ip_ranges_to_nat64": "",
            "subnetwork": [],
            "tcp_established_idle_timeout_sec": 1200,
            "tcp_time_wait_timeout_sec": 120,
            "tcp_transitory_idle_timeout_sec": 30,
            "timeouts": null,
            "type": "PUBLIC",
            "udp_idle_timeout_sec": 30
          },
          "sensitive_attributes": [],
          "private": "eyJlMmJmYjczMC1lY2FhLTExZTYtOGY4OC0zNDM2M2JjN2M0YzAiOnsiY3JlYXRlIjoxMjAwMDAwMDAwMDAwLCJkZWxldGUiOjEyMDAwMDAwMDAwMDAsInVwZGF0ZSI6MTIwMDAwMDAwMDAwMH19",
          "dependencies": [
            "module.network.google_compute_router.shared_router"
          ]
        }
      ]
    },
    {
      "module": "module.network",
      "mode": "managed",
      "type": "google_compute_shared_vpc_host_project",
      "name": "host",
      "provider": "provider[\"registry.terraform.io/hashicorp/google\"]",
      "instances": [
        {
          "index_key": 0,
          "schema_version": 0,
          "attributes": {
            "id": "lablos-development-network",
            "project": "lablos-development-network",
            "timeouts": null
          },
          "sensitive_attributes": [],
          "private": "eyJlMmJmYjczMC1lY2FhLTExZTYtOGY4OC0zNDM2M2JjN2M0YzAiOnsiY3JlYXRlIjoyNDAwMDAwMDAwMDAsImRlbGV0ZSI6MjQwMDAwMDAwMDAwfX0="
        }
      ]
    },
    {
      "module": "module.network",
      "mode": "managed",
      "type": "google_compute_shared_vpc_service_project",
      "name": "service1",
      "provider": "provider[\"registry.terraform.io/hashicorp/google\"]",
      "instances": [
        {
          "index_key": "lablos-development-app",
          "schema_version": 0,
          "attributes": {
            "deletion_policy": null,
            "host_project": "lablos-development-network",
            "id": "lablos-development-network/lablos-development-app",
            "service_project": "lablos-development-app",
            "timeouts": null
          },
          "sensitive_attributes": [],
          "private": "eyJlMmJmYjczMC1lY2FhLTExZTYtOGY4OC0zNDM2M2JjN2M0YzAiOnsiY3JlYXRlIjoyNDAwMDAwMDAwMDAsImRlbGV0ZSI6MjQwMDAwMDAwMDAwfX0=",
          "dependencies": [
            "module.network.google_compute_shared_vpc_host_project.host"
          ]
        }
      ]
    },
    {
      "module": "module.network",
      "mode": "managed",
      "type": "google_compute_subnetwork",
      "name": "subnetwork",
      "provider": "provider[\"registry.terraform.io/hashicorp/google\"]",
      "instances": [
        {
          "index_key": "lablos-subnet-us-central1-dev",
          "schema_version": 0,
          "attributes": {
            "creation_timestamp": "2025-12-15T03:24:35.639-08:00",
            "description": "",
            "external_ipv6_prefix": "",
            "fingerprint": null,
            "gateway_address": "172.30.0.1",
            "id": "projects/lablos-development-network/regions/us-central1/subnetworks/lablos-subnet-us-central1-dev",
            "internal_ipv6_prefix": "",
            "ip_cidr_range": "172.30.0.0/25",
            "ip_collection": null,
            "ipv6_access_type": "",
            "ipv6_cidr_range": "",
            "ipv6_gce_endpoint": "",
            "log_config": [],
            "name": "lablos-subnet-us-central1-dev",
            "network": "https://www.googleapis.com/compute/v1/projects/lablos-development-network/global/networks/lablos-vpc-dev-2",
            "params": [],
            "private_ip_google_access": false,
            "private_ipv6_google_access": "DISABLE_GOOGLE_ACCESS",
            "project": "lablos-development-network",
            "purpose": "PRIVATE",
            "region": "us-central1",
            "reserved_internal_range": "",
            "role": "",
            "secondary_ip_range": [],
            "self_link": "https://www.googleapis.com/compute/v1/projects/lablos-development-network/regions/us-central1/subnetworks/lablos-subnet-us-central1-dev",
            "send_secondary_ip_range_if_empty": null,
            "stack_type": "IPV4_ONLY",
            "state": "",
            "subnetwork_id": 5579630753623462172,
            "timeouts": null
          },
          "sensitive_attributes": [],
          "private": "eyJlMmJmYjczMC1lY2FhLTExZTYtOGY4OC0zNDM2M2JjN2M0YzAiOnsiY3JlYXRlIjoxMjAwMDAwMDAwMDAwLCJkZWxldGUiOjEyMDAwMDAwMDAwMDAsInVwZGF0ZSI6MTIwMDAwMDAwMDAwMH19",
          "dependencies": [
            "module.network.google_compute_network.vpc_network"
          ]
        },
        {
          "index_key": "lablos-subnet-us-east1-dev",
          "schema_version": 0,
          "attributes": {
            "creation_timestamp": "2025-12-15T03:24:35.375-08:00",
            "description": "",
            "external_ipv6_prefix": "",
            "fingerprint": null,
            "gateway_address": "172.16.0.1",
            "id": "projects/lablos-development-network/regions/us-east1/subnetworks/lablos-subnet-us-east1-dev",
            "internal_ipv6_prefix": "",
            "ip_cidr_range": "172.16.0.0/25",
            "ip_collection": null,
            "ipv6_access_type": "",
            "ipv6_cidr_range": "",
            "ipv6_gce_endpoint": "",
            "log_config": [],
            "name": "lablos-subnet-us-east1-dev",
            "network": "https://www.googleapis.com/compute/v1/projects/lablos-development-network/global/networks/lablos-vpc-dev",
            "params": [],
            "private_ip_google_access": false,
            "private_ipv6_google_access": "DISABLE_GOOGLE_ACCESS",
            "project": "lablos-development-network",
            "purpose": "PRIVATE",
            "region": "us-east1",
            "reserved_internal_range": "",
            "role": "",
            "secondary_ip_range": [
              {
                "ip_cidr_range": "10.0.0.0/24",
                "range_name": "pods",
                "reserved_internal_range": ""
              },
              {
                "ip_cidr_range": "10.0.1.0/24",
                "range_name": "services",
                "reserved_internal_range": ""
              }
            ],
            "self_link": "https://www.googleapis.com/compute/v1/projects/lablos-development-network/regions/us-east1/subnetworks/lablos-subnet-us-east1-dev",
            "send_secondary_ip_range_if_empty": null,
            "stack_type": "IPV4_ONLY",
            "state": "",
            "subnetwork_id": 6033538917692756252,
            "timeouts": null
          },
          "sensitive_attributes": [],
          "private": "eyJlMmJmYjczMC1lY2FhLTExZTYtOGY4OC0zNDM2M2JjN2M0YzAiOnsiY3JlYXRlIjoxMjAwMDAwMDAwMDAwLCJkZWxldGUiOjEyMDAwMDAwMDAwMDAsInVwZGF0ZSI6MTIwMDAwMDAwMDAwMH19",
          "dependencies": [
            "module.network.google_compute_network.vpc_network"
          ]
        }
      ]
    },
    {
      "module": "module.network",
      "mode": "managed",
      "type": "google_service_networking_connection",
      "name": "foobar",
      "provider": "provider[\"registry.terraform.io/hashicorp/google\"]",
      "instances": [
        {
          "index_key": 0,
          "schema_version": 0,
          "attributes": {
            "deletion_policy": null,
            "id": "lablos-vpc-dev:servicenetworking.googleapis.com",
            "network": "lablos-vpc-dev",
            "peering": "servicenetworking-googleapis-com",
            "reserved_peering_ranges": [
              "ip-psa-lablos-vpc-dev"
            ],
            "service": "servicenetworking.googleapis.com",
            "timeouts": null,
            "update_on_creation_fail": null
          },
          "sensitive_attributes": [],
          "private": "eyJlMmJmYjczMC1lY2FhLTExZTYtOGY4OC0zNDM2M2JjN2M0YzAiOnsiY3JlYXRlIjo2MDAwMDAwMDAwMDAsImRlbGV0ZSI6NjAwMDAwMDAwMDAwLCJ1cGRhdGUiOjYwMDAwMDAwMDAwMH19",
          "dependencies": [
            "module.network.google_compute_global_address.private_ip_alloc"
          ]
        }
      ]
    },
    {
      "module": "module.organization_policies",
      "mode": "managed",
      "type": "google_org_policy_policy",
      "name": "policy",
      "provider": "provider[\"registry.terraform.io/hashicorp/google\"]",
      "instances": [
        {
          "index_key": "0",
          "schema_version": 0,
          "attributes": {
            "dry_run_spec": [],
            "etag": "COy6gMoGEIDHuXA=-",
            "id": "organizations/789146923162/policies/compute.skipDefaultNetworkCreation",
            "name": "compute.skipDefaultNetworkCreation",
            "parent": "organizations/789146923162",
            "spec": [
              {
                "etag": "COy6gMoGEIDHuXA=",
                "inherit_from_parent": false,
                "reset": false,
                "rules": [
                  {
                    "allow_all": "",
                    "condition": [],
                    "deny_all": "",
                    "enforce": "TRUE",
                    "parameters": "",
                    "values": []
                  }
                ],
                "update_time": "2025-12-15T14:38:36.235824Z"
              }
            ],
            "timeouts": null
          },
          "sensitive_attributes": [],
          "private": "eyJlMmJmYjczMC1lY2FhLTExZTYtOGY4OC0zNDM2M2JjN2M0YzAiOnsiY3JlYXRlIjoxMjAwMDAwMDAwMDAwLCJkZWxldGUiOjEyMDAwMDAwMDAwMDAsInVwZGF0ZSI6MTIwMDAwMDAwMDAwMH19"
        },
        {
          "index_key": "1",
          "schema_version": 0,
          "attributes": {
            "dry_run_spec": [],
            "etag": "COHfgMoGEPC3or4D-",
            "id": "organizations/789146923162/policies/compute.disableSerialPortAccess",
            "name": "compute.disableSerialPortAccess",
            "parent": "organizations/789146923162",
            "spec": [
              {
                "etag": "COHfgMoGEPC3or4D",
                "inherit_from_parent": false,
                "reset": false,
                "rules": [
                  {
                    "allow_all": "",
                    "condition": [],
                    "deny_all": "",
                    "enforce": "TRUE",
                    "parameters": "",
                    "values": []
                  }
                ],
                "update_time": "2025-12-15T15:57:21.935894Z"
              }
            ],
            "timeouts": null
          },
          "sensitive_attributes": [],
          "private": "eyJlMmJmYjczMC1lY2FhLTExZTYtOGY4OC0zNDM2M2JjN2M0YzAiOnsiY3JlYXRlIjoxMjAwMDAwMDAwMDAwLCJkZWxldGUiOjEyMDAwMDAwMDAwMDAsInVwZGF0ZSI6MTIwMDAwMDAwMDAwMH19"
        }
      ]
    },
    {
      "module": "module.projects",
      "mode": "managed",
      "type": "google_project",
      "name": "projects",
      "provider": "provider[\"registry.terraform.io/hashicorp/google\"]",
      "instances": [
        {
          "index_key": "lablos-development-app",
          "schema_version": 1,
          "attributes": {
            "auto_create_network": true,
            "billing_account": "01E902-6A4917-C2F0F6",
            "deletion_policy": "DELETE",
            "effective_labels": {
              "goog-terraform-provisioned": "true"
            },
            "folder_id": "935466500178",
            "id": "projects/lablos-development-app",
            "labels": {},
            "name": "lablos-development-app",
            "number": "753399280666",
            "org_id": "",
            "project_id": "lablos-development-app",
            "tags": null,
            "terraform_labels": {
              "goog-terraform-provisioned": "true"
            },
            "timeouts": null
          },
          "sensitive_attributes": [],
          "private": "eyJlMmJmYjczMC1lY2FhLTExZTYtOGY4OC0zNDM2M2JjN2M0YzAiOnsiY3JlYXRlIjo2MDAwMDAwMDAwMDAsImRlbGV0ZSI6NjAwMDAwMDAwMDAwLCJyZWFkIjo2MDAwMDAwMDAwMDAsInVwZGF0ZSI6NjAwMDAwMDAwMDAwfSwic2NoZW1hX3ZlcnNpb24iOiIxIn0="
        },
        {
          "index_key": "lablos-development-network",
          "schema_version": 1,
          "attributes": {
            "auto_create_network": true,
            "billing_account": "01E902-6A4917-C2F0F6",
            "deletion_policy": "DELETE",
            "effective_labels": {
              "goog-terraform-provisioned": "true"
            },
            "folder_id": "770744893968",
            "id": "projects/lablos-development-network",
            "labels": {},
            "name": "lablos-development-network",
            "number": "560250798916",
            "org_id": "",
            "project_id": "lablos-development-network",
            "tags": null,
            "terraform_labels": {
              "goog-terraform-provisioned": "true"
            },
            "timeouts": null
          },
          "sensitive_attributes": [],
          "private": "eyJlMmJmYjczMC1lY2FhLTExZTYtOGY4OC0zNDM2M2JjN2M0YzAiOnsiY3JlYXRlIjo2MDAwMDAwMDAwMDAsImRlbGV0ZSI6NjAwMDAwMDAwMDAwLCJyZWFkIjo2MDAwMDAwMDAwMDAsInVwZGF0ZSI6NjAwMDAwMDAwMDAwfSwic2NoZW1hX3ZlcnNpb24iOiIxIn0="
        }
      ]
    },
    {
      "module": "module.projects",
      "mode": "managed",
      "type": "google_project_service",
      "name": "project",
      "provider": "provider[\"registry.terraform.io/hashicorp/google\"]",
      "instances": [
        {
          "index_key": "lablos-development-app:compute.googleapis.com",
          "schema_version": 0,
          "attributes": {
            "disable_dependent_services": null,
            "disable_on_destroy": null,
            "id": "lablos-development-app/compute.googleapis.com",
            "project": "lablos-development-app",
            "service": "compute.googleapis.com",
            "timeouts": null
          },
          "sensitive_attributes": [],
          "private": "eyJlMmJmYjczMC1lY2FhLTExZTYtOGY4OC0zNDM2M2JjN2M0YzAiOnsiY3JlYXRlIjoxMjAwMDAwMDAwMDAwLCJkZWxldGUiOjEyMDAwMDAwMDAwMDAsInJlYWQiOjYwMDAwMDAwMDAwMCwidXBkYXRlIjoxMjAwMDAwMDAwMDAwfX0=",
          "dependencies": [
            "module.projects.google_project.projects"
          ]
        },
        {
          "index_key": "lablos-development-network:compute.googleapis.com",
          "schema_version": 0,
          "attributes": {
            "disable_dependent_services": null,
            "disable_on_destroy": null,
            "id": "lablos-development-network/compute.googleapis.com",
            "project": "lablos-development-network",
            "service": "compute.googleapis.com",
            "timeouts": null
          },
          "sensitive_attributes": [],
          "private": "eyJlMmJmYjczMC1lY2FhLTExZTYtOGY4OC0zNDM2M2JjN2M0YzAiOnsiY3JlYXRlIjoxMjAwMDAwMDAwMDAwLCJkZWxldGUiOjEyMDAwMDAwMDAwMDAsInJlYWQiOjYwMDAwMDAwMDAwMCwidXBkYXRlIjoxMjAwMDAwMDAwMDAwfX0=",
          "dependencies": [
            "module.projects.google_project.projects"
          ]
        },
        {
          "index_key": "lablos-development-network:orgpolicy.googleapis.com",
          "schema_version": 0,
          "attributes": {
            "disable_dependent_services": null,
            "disable_on_destroy": null,
            "id": "lablos-development-network/orgpolicy.googleapis.com",
            "project": "lablos-development-network",
            "service": "orgpolicy.googleapis.com",
            "timeouts": null
          },
          "sensitive_attributes": [],
          "private": "eyJlMmJmYjczMC1lY2FhLTExZTYtOGY4OC0zNDM2M2JjN2M0YzAiOnsiY3JlYXRlIjoxMjAwMDAwMDAwMDAwLCJkZWxldGUiOjEyMDAwMDAwMDAwMDAsInJlYWQiOjYwMDAwMDAwMDAwMCwidXBkYXRlIjoxMjAwMDAwMDAwMDAwfX0=",
          "dependencies": [
            "module.projects.google_project.projects"
          ]
        },
        {
          "index_key": "lablos-development-network:serviceusage.googleapis.com",
          "schema_version": 0,
          "attributes": {
            "disable_dependent_services": null,
            "disable_on_destroy": null,
            "id": "lablos-development-network/serviceusage.googleapis.com",
            "project": "lablos-development-network",
            "service": "serviceusage.googleapis.com",
            "timeouts": null
          },
          "sensitive_attributes": [],
          "private": "eyJlMmJmYjczMC1lY2FhLTExZTYtOGY4OC0zNDM2M2JjN2M0YzAiOnsiY3JlYXRlIjoxMjAwMDAwMDAwMDAwLCJkZWxldGUiOjEyMDAwMDAwMDAwMDAsInJlYWQiOjYwMDAwMDAwMDAwMCwidXBkYXRlIjoxMjAwMDAwMDAwMDAwfX0=",
          "dependencies": [
            "module.projects.google_project.projects"
          ]
        }
      ]
    }
  ],
  "check_results": null
}
